
Microsoft Visual Studio Solution File, Format Version 12.00
# Visual Studio Version 17
VisualStudioVersion = 17.2.32602.215
MinimumVisualStudioVersion = 10.0.40219.1
Project("{FAE04EC0-301F-11D3-BF4B-00C04F79EFBC}") = "LuxuryCondoRenting", "LuxuryCondoRenting\LuxuryCondoRenting.csproj", "{D2F4ABC2-4965-400E-8823-31261B7E7F32}"
EndProject
Global
	GlobalSection(SolutionConfigurationPlatforms) = preSolution
		Debug|Any CPU = Debug|Any CPU
		Release|Any CPU = Release|Any CPU
	EndGlobalSection
	GlobalSection(ProjectConfigurationPlatforms) = postSolution
		{D2F4ABC2-4965-400E-8823-31261B7E7F32}.Debug|Any CPU.ActiveCfg = Debug|Any CPU
		{D2F4ABC2-4965-400E-8823-31261B7E7F32}.Debug|Any CPU.Build.0 = Debug|Any CPU
		{D2F4ABC2-4965-400E-8823-31261B7E7F32}.Release|Any CPU.ActiveCfg = Release|Any CPU
		{D2F4ABC2-4965-400E-8823-31261B7E7F32}.Release|Any CPU.Build.0 = Release|Any CPU
	EndGlobalSection
	GlobalSection(SolutionProperties) = preSolution
		HideSolutionNode = FALSE
	EndGlobalSection
	GlobalSection(ExtensibilityGlobals) = postSolution
		SolutionGuid = {15DAE53E-2E41-43BB-B94B-8077B9A607B8}
	EndGlobalSection
EndGlobal
